
Microsoft Visual Studio Solution File, Format Version 12.00
# Visual Studio Version 16
VisualStudioVersion = 16.0.30204.135
MinimumVisualStudioVersion = 10.0.40219.1
Project("{FAE04EC0-301F-11D3-BF4B-00C04F79EFBC}") = "UnitTesting", "UnitTesting\UnitTesting.csproj", "{4E50405B-66A9-49B6-8DDC-DEEE5521B6CF}"
EndProject
Project("{9A19103F-16F7-4668-BE54-9A1E7A4F7556}") = "VirusUnittesting", "VirusUnittesting\VirusUnittesting.csproj", "{200A19C1-3A7E-49E7-8B57-63848383DD4E}"
EndProject
Project("{9A19103F-16F7-4668-BE54-9A1E7A4F7556}") = "Neural Network", "Neural Network\Neural Network\Neural Network.csproj", "{AFA14E5B-292F-4981-A13A-7FFBBA50B09E}"
EndProject
Project("{9A19103F-16F7-4668-BE54-9A1E7A4F7556}") = "Virus", "Virus\Virus.csproj", "{A70DD64B-7DBA-44D7-A078-BFB2F3F6076F}"
EndProject
Project("{FAE04EC0-301F-11D3-BF4B-00C04F79EFBC}") = "ReactWebApp", "ReactWebApp\ReactWebApp.csproj", "{36C1F698-32DD-41C3-BA1A-21B9EF9A2007}"
EndProject
Global
	GlobalSection(SolutionConfigurationPlatforms) = preSolution
		Debug|Any CPU = Debug|Any CPU
		Release|Any CPU = Release|Any CPU
	EndGlobalSection
	GlobalSection(ProjectConfigurationPlatforms) = postSolution
		{4E50405B-66A9-49B6-8DDC-DEEE5521B6CF}.Debug|Any CPU.ActiveCfg = Debug|Any CPU
		{4E50405B-66A9-49B6-8DDC-DEEE5521B6CF}.Debug|Any CPU.Build.0 = Debug|Any CPU
		{4E50405B-66A9-49B6-8DDC-DEEE5521B6CF}.Release|Any CPU.ActiveCfg = Release|Any CPU
		{4E50405B-66A9-49B6-8DDC-DEEE5521B6CF}.Release|Any CPU.Build.0 = Release|Any CPU
		{200A19C1-3A7E-49E7-8B57-63848383DD4E}.Debug|Any CPU.ActiveCfg = Debug|Any CPU
		{200A19C1-3A7E-49E7-8B57-63848383DD4E}.Debug|Any CPU.Build.0 = Debug|Any CPU
		{200A19C1-3A7E-49E7-8B57-63848383DD4E}.Release|Any CPU.ActiveCfg = Release|Any CPU
		{200A19C1-3A7E-49E7-8B57-63848383DD4E}.Release|Any CPU.Build.0 = Release|Any CPU
		{AFA14E5B-292F-4981-A13A-7FFBBA50B09E}.Debug|Any CPU.ActiveCfg = Debug|Any CPU
		{AFA14E5B-292F-4981-A13A-7FFBBA50B09E}.Debug|Any CPU.Build.0 = Debug|Any CPU
		{AFA14E5B-292F-4981-A13A-7FFBBA50B09E}.Release|Any CPU.ActiveCfg = Release|Any CPU
		{AFA14E5B-292F-4981-A13A-7FFBBA50B09E}.Release|Any CPU.Build.0 = Release|Any CPU
		{A70DD64B-7DBA-44D7-A078-BFB2F3F6076F}.Debug|Any CPU.ActiveCfg = Debug|Any CPU
		{A70DD64B-7DBA-44D7-A078-BFB2F3F6076F}.Debug|Any CPU.Build.0 = Debug|Any CPU
		{A70DD64B-7DBA-44D7-A078-BFB2F3F6076F}.Release|Any CPU.ActiveCfg = Release|Any CPU
		{A70DD64B-7DBA-44D7-A078-BFB2F3F6076F}.Release|Any CPU.Build.0 = Release|Any CPU
		{36C1F698-32DD-41C3-BA1A-21B9EF9A2007}.Debug|Any CPU.ActiveCfg = Debug|Any CPU
		{36C1F698-32DD-41C3-BA1A-21B9EF9A2007}.Debug|Any CPU.Build.0 = Debug|Any CPU
		{36C1F698-32DD-41C3-BA1A-21B9EF9A2007}.Release|Any CPU.ActiveCfg = Release|Any CPU
		{36C1F698-32DD-41C3-BA1A-21B9EF9A2007}.Release|Any CPU.Build.0 = Release|Any CPU
	EndGlobalSection
	GlobalSection(SolutionProperties) = preSolution
		HideSolutionNode = FALSE
	EndGlobalSection
	GlobalSection(ExtensibilityGlobals) = postSolution
		SolutionGuid = {73E89FCD-8691-4C4F-87E9-6CE50A4950CD}
	EndGlobalSection
EndGlobal
