
Microsoft Visual Studio Solution File, Format Version 12.00
# Visual Studio Version 16
VisualStudioVersion = 16.0.30204.135
MinimumVisualStudioVersion = 10.0.40219.1
Project("{FAE04EC0-301F-11D3-BF4B-00C04F79EFBC}") = "Virus", "Virus\Virus.csproj", "{1FFE1C51-5F03-4FAD-A398-EB34320AB4C3}"
EndProject
Project("{FAE04EC0-301F-11D3-BF4B-00C04F79EFBC}") = "UnitTesting", "UnitTesting\UnitTesting.csproj", "{4E50405B-66A9-49B6-8DDC-DEEE5521B6CF}"
EndProject
Project("{FAE04EC0-301F-11D3-BF4B-00C04F79EFBC}") = "NeuralNetwork", "NeuralNetwork\NeuralNetwork\NeuralNetwork.csproj", "{7FE6024B-8182-4B4A-BF3F-EC10468C515C}"
EndProject
Project("{FAE04EC0-301F-11D3-BF4B-00C04F79EFBC}") = "Virus2.0", "Virus2.0\Virus2.0.csproj", "{E2B6EBF8-51F6-40AB-BEAD-EA265D01FA8A}"
EndProject
Project("{FAE04EC0-301F-11D3-BF4B-00C04F79EFBC}") = "VirusUnittesting", "VirusUnittesting\VirusUnittesting.csproj", "{200A19C1-3A7E-49E7-8B57-63848383DD4E}"
EndProject
Global
	GlobalSection(SolutionConfigurationPlatforms) = preSolution
		Debug|Any CPU = Debug|Any CPU
		Release|Any CPU = Release|Any CPU
	EndGlobalSection
	GlobalSection(ProjectConfigurationPlatforms) = postSolution
		{1FFE1C51-5F03-4FAD-A398-EB34320AB4C3}.Debug|Any CPU.ActiveCfg = Debug|Any CPU
		{1FFE1C51-5F03-4FAD-A398-EB34320AB4C3}.Debug|Any CPU.Build.0 = Debug|Any CPU
		{1FFE1C51-5F03-4FAD-A398-EB34320AB4C3}.Release|Any CPU.ActiveCfg = Release|Any CPU
		{1FFE1C51-5F03-4FAD-A398-EB34320AB4C3}.Release|Any CPU.Build.0 = Release|Any CPU
		{4E50405B-66A9-49B6-8DDC-DEEE5521B6CF}.Debug|Any CPU.ActiveCfg = Debug|Any CPU
		{4E50405B-66A9-49B6-8DDC-DEEE5521B6CF}.Debug|Any CPU.Build.0 = Debug|Any CPU
		{4E50405B-66A9-49B6-8DDC-DEEE5521B6CF}.Release|Any CPU.ActiveCfg = Release|Any CPU
		{4E50405B-66A9-49B6-8DDC-DEEE5521B6CF}.Release|Any CPU.Build.0 = Release|Any CPU
		{7FE6024B-8182-4B4A-BF3F-EC10468C515C}.Debug|Any CPU.ActiveCfg = Debug|Any CPU
		{7FE6024B-8182-4B4A-BF3F-EC10468C515C}.Debug|Any CPU.Build.0 = Debug|Any CPU
		{7FE6024B-8182-4B4A-BF3F-EC10468C515C}.Release|Any CPU.ActiveCfg = Release|Any CPU
		{7FE6024B-8182-4B4A-BF3F-EC10468C515C}.Release|Any CPU.Build.0 = Release|Any CPU
		{E2B6EBF8-51F6-40AB-BEAD-EA265D01FA8A}.Debug|Any CPU.ActiveCfg = Debug|Any CPU
		{E2B6EBF8-51F6-40AB-BEAD-EA265D01FA8A}.Debug|Any CPU.Build.0 = Debug|Any CPU
		{E2B6EBF8-51F6-40AB-BEAD-EA265D01FA8A}.Release|Any CPU.ActiveCfg = Release|Any CPU
		{E2B6EBF8-51F6-40AB-BEAD-EA265D01FA8A}.Release|Any CPU.Build.0 = Release|Any CPU
		{200A19C1-3A7E-49E7-8B57-63848383DD4E}.Debug|Any CPU.ActiveCfg = Debug|Any CPU
		{200A19C1-3A7E-49E7-8B57-63848383DD4E}.Debug|Any CPU.Build.0 = Debug|Any CPU
		{200A19C1-3A7E-49E7-8B57-63848383DD4E}.Release|Any CPU.ActiveCfg = Release|Any CPU
		{200A19C1-3A7E-49E7-8B57-63848383DD4E}.Release|Any CPU.Build.0 = Release|Any CPU
	EndGlobalSection
	GlobalSection(SolutionProperties) = preSolution
		HideSolutionNode = FALSE
	EndGlobalSection
	GlobalSection(ExtensibilityGlobals) = postSolution
		SolutionGuid = {73E89FCD-8691-4C4F-87E9-6CE50A4950CD}
	EndGlobalSection
EndGlobal
